{
  "name": "CSC_490_CAPSTONE",
  "lockfileVersion": 3,
  "requires": true,
  "packages": {
    "": {
      "dependencies": {
        "angular-datatables": "^18.0.0",
        "datatables.net": "^2.1.8",
        "datatables.net-dt": "^2.1.8",
        "jquery": "^3.7.1"
      },
      "devDependencies": {
        "@types/jquery": "^3.5.32"
      }
    },
    "node_modules/@angular/common": {
      "version": "18.2.11",
      "resolved": "https://registry.npmjs.org/@angular/common/-/common-18.2.11.tgz",
      "integrity": "sha512-bamJeISl2zUlvjPYebQWazUjhjXU9nrot42cQJng94SkvNENT9LTWfPYgc+Bd972Kg+31jG4H41rgFNs7zySmw==",
      "license": "MIT",
      "peer": true,
      "dependencies": {
        "tslib": "^2.3.0"
      },
      "engines": {
        "node": "^18.19.1 || ^20.11.1 || >=22.0.0"
      },
      "peerDependencies": {
        "@angular/core": "18.2.11",
        "rxjs": "^6.5.3 || ^7.4.0"
      }
    },
    "node_modules/@angular/core": {
      "version": "18.2.11",
      "resolved": "https://registry.npmjs.org/@angular/core/-/core-18.2.11.tgz",
      "integrity": "sha512-/AGAFyZN8KR+kW5FUFCCBCj3qHyDDum7G0lJe5otrT9AqF6+g7PjF8yLha/6wPkJG7ri5xGLhini1sEivVeq/g==",
      "license": "MIT",
      "peer": true,
      "dependencies": {
        "tslib": "^2.3.0"
      },
      "engines": {
        "node": "^18.19.1 || ^20.11.1 || >=22.0.0"
      },
      "peerDependencies": {
        "rxjs": "^6.5.3 || ^7.4.0",
        "zone.js": "~0.14.10"
      }
    },
    "node_modules/@angular/platform-browser": {
      "version": "18.2.11",
      "resolved": "https://registry.npmjs.org/@angular/platform-browser/-/platform-browser-18.2.11.tgz",
      "integrity": "sha512-bzcP0QdPT/ncTxOx0t7901z5m0wDmkraTo/es4g8reV6VK9Ptv0QDuD8aDvrHh7sLCX5VgwDF9ohc6S2TpYUCA==",
      "license": "MIT",
      "peer": true,
      "dependencies": {
        "tslib": "^2.3.0"
      },
      "engines": {
        "node": "^18.19.1 || ^20.11.1 || >=22.0.0"
      },
      "peerDependencies": {
        "@angular/animations": "18.2.11",
        "@angular/common": "18.2.11",
        "@angular/core": "18.2.11"
      },
      "peerDependenciesMeta": {
        "@angular/animations": {
          "optional": true
        }
      }
    },
    "node_modules/@types/jquery": {
      "version": "3.5.32",
      "resolved": "https://registry.npmjs.org/@types/jquery/-/jquery-3.5.32.tgz",
      "integrity": "sha512-b9Xbf4CkMqS02YH8zACqN1xzdxc3cO735Qe5AbSUFmyOiaWAbcpqh9Wna+Uk0vgACvoQHpWDg2rGdHkYPLmCiQ==",
      "dev": true,
      "license": "MIT",
      "dependencies": {
        "@types/sizzle": "*"
      }
    },
    "node_modules/@types/sizzle": {
      "version": "2.3.9",
      "resolved": "https://registry.npmjs.org/@types/sizzle/-/sizzle-2.3.9.tgz",
      "integrity": "sha512-xzLEyKB50yqCUPUJkIsrVvoWNfFUbIZI+RspLWt8u+tIW/BetMBZtgV2LY/2o+tYH8dRvQ+eoPf3NdhQCcLE2w==",
      "dev": true,
      "license": "MIT"
    },
    "node_modules/angular-datatables": {
      "version": "18.0.0",
      "resolved": "https://registry.npmjs.org/angular-datatables/-/angular-datatables-18.0.0.tgz",
      "integrity": "sha512-2eWHevDnG9/7vkYxbbjdm4NspKRTpVYga8St3G92/vnPPB8225y8BC8YNpOXaRl6Smc2tlXQu9AxyHEjhfVwWw==",
      "license": "MIT",
      "dependencies": {
        "tslib": "^2.3.0"
      },
      "peerDependencies": {
        "@angular/common": "^18.0.5",
        "@angular/core": "^18.0.5",
        "@angular/platform-browser": "^18.0.5",
        "datatables.net": "^2.0.3",
        "datatables.net-dt": "^2.0.3",
        "jquery": "^3.6.0",
        "rxjs": "^7.4.0",
        "zone.js": "~0.14.3"
      }
    },
    "node_modules/datatables.net": {
      "version": "2.1.8",
      "resolved": "https://registry.npmjs.org/datatables.net/-/datatables.net-2.1.8.tgz",
      "integrity": "sha512-47ULt+U4bcjbuGTpTlT6SnCuSFVRBxxdWa6X3NfvTObBJ2BZU0o+JUIl05wQ6cABNIavjbAV51gpgvFsMHL9zA==",
      "license": "MIT",
      "dependencies": {
        "jquery": ">=1.7"
      }
    },
    "node_modules/datatables.net-dt": {
      "version": "2.1.8",
      "resolved": "https://registry.npmjs.org/datatables.net-dt/-/datatables.net-dt-2.1.8.tgz",
      "integrity": "sha512-/ScKmyKIpKXzjOJrnJLOWMf2jOQfrYjayNMhUyeMzf3jKhNevHNvImU9MQ/Bab9yheKLjHLL24IgnshAvRFrng==",
      "license": "MIT",
      "dependencies": {
        "datatables.net": "2.1.8",
        "jquery": ">=1.7"
      }
    },
    "node_modules/jquery": {
      "version": "3.7.1",
      "resolved": "https://registry.npmjs.org/jquery/-/jquery-3.7.1.tgz",
      "integrity": "sha512-m4avr8yL8kmFN8psrbFFFmB/If14iN5o9nw/NgnnM+kybDJpRsAynV2BsfpTYrTRysYUdADVD7CkUUizgkpLfg==",
      "license": "MIT"
    },
    "node_modules/rxjs": {
      "version": "7.8.1",
      "resolved": "https://registry.npmjs.org/rxjs/-/rxjs-7.8.1.tgz",
      "integrity": "sha512-AA3TVj+0A2iuIoQkWEK/tqFjBq2j+6PO6Y0zJcvzLAFhEFIO3HL0vls9hWLncZbAAbK0mar7oZ4V079I/qPMxg==",
      "license": "Apache-2.0",
      "peer": true,
      "dependencies": {
        "tslib": "^2.1.0"
      }
    },
    "node_modules/tslib": {
      "version": "2.8.1",
      "resolved": "https://registry.npmjs.org/tslib/-/tslib-2.8.1.tgz",
      "integrity": "sha512-oJFu94HQb+KVduSUQL7wnpmqnfmLsOA/nAh6b6EH0wCEoK0/mPeXU6c3wKDV83MkOuHPRHtSXKKU99IBazS/2w==",
      "license": "0BSD"
    },
    "node_modules/zone.js": {
      "version": "0.14.10",
      "resolved": "https://registry.npmjs.org/zone.js/-/zone.js-0.14.10.tgz",
      "integrity": "sha512-YGAhaO7J5ywOXW6InXNlLmfU194F8lVgu7bRntUF3TiG8Y3nBK0x1UJJuHUP/e8IyihkjCYqhCScpSwnlaSRkQ==",
      "license": "MIT",
      "peer": true
    }
  }
}
